// !$*UTF8*$!
{
	archiveVersion = 1;
	classes = {
	};
	objectVersion = 46;
	objects = {

/* Begin PBXBuildFile section */
		006D720519952D00008149E2 /* CoreMedia.framework in Frameworks */ = {isa = PBXBuildFile; fileRef = 006D720319952D00008149E2 /* CoreMedia.framework */; };
		0091D8F90E81B9330029341E /* OpenGL.framework in Frameworks */ = {isa = PBXBuildFile; fileRef = 0091D8F80E81B9330029341E /* OpenGL.framework */; };
		00B784B30FF439BC000DE1D7 /* Accelerate.framework in Frameworks */ = {isa = PBXBuildFile; fileRef = 00B784AF0FF439BC000DE1D7 /* Accelerate.framework */; };
		00B784B40FF439BC000DE1D7 /* AudioToolbox.framework in Frameworks */ = {isa = PBXBuildFile; fileRef = 00B784B00FF439BC000DE1D7 /* AudioToolbox.framework */; };
		00B784B50FF439BC000DE1D7 /* AudioUnit.framework in Frameworks */ = {isa = PBXBuildFile; fileRef = 00B784B10FF439BC000DE1D7 /* AudioUnit.framework */; };
		00B784B60FF439BC000DE1D7 /* CoreAudio.framework in Frameworks */ = {isa = PBXBuildFile; fileRef = 00B784B20FF439BC000DE1D7 /* CoreAudio.framework */; };
		00B9955A1B128DF400A5C623 /* IOKit.framework in Frameworks */ = {isa = PBXBuildFile; fileRef = 00B995581B128DF400A5C623 /* IOKit.framework */; };
		00B9955B1B128DF400A5C623 /* IOSurface.framework in Frameworks */ = {isa = PBXBuildFile; fileRef = 00B995591B128DF400A5C623 /* IOSurface.framework */; };
		152D48611D89ADAC00AB3610 /* BrushManager.cpp in Sources */ = {isa = PBXBuildFile; fileRef = 152D484F1D89ADAC00AB3610 /* BrushManager.cpp */; };
		152D48621D89ADAC00AB3610 /* Composition.cpp in Sources */ = {isa = PBXBuildFile; fileRef = 152D48511D89ADAC00AB3610 /* Composition.cpp */; };
		152D48641D89ADAC00AB3610 /* TextButton.cpp in Sources */ = {isa = PBXBuildFile; fileRef = 152D48571D89ADAC00AB3610 /* TextButton.cpp */; };
		152D48651D89ADAC00AB3610 /* Menu.cpp in Sources */ = {isa = PBXBuildFile; fileRef = 152D48591D89ADAC00AB3610 /* Menu.cpp */; };
		152D48661D89ADAC00AB3610 /* ofxTablet.cpp in Sources */ = {isa = PBXBuildFile; fileRef = 152D485C1D89ADAC00AB3610 /* ofxTablet.cpp */; };
		152D48671D89ADAC00AB3610 /* tabletCocoa.mm in Sources */ = {isa = PBXBuildFile; fileRef = 152D485F1D89ADAC00AB3610 /* tabletCocoa.mm */; };
		154564891DA3B596006BFBD4 /* AVFoundation.framework in Frameworks */ = {isa = PBXBuildFile; fileRef = 154564881DA3B596006BFBD4 /* AVFoundation.framework */; };
		501650931F680FAE0019609E /* shader_es2.frag in Resources */ = {isa = PBXBuildFile; fileRef = 501650911F680FAE0019609E /* shader_es2.frag */; };
		501650941F680FAE0019609E /* shader_es2.vert in Resources */ = {isa = PBXBuildFile; fileRef = 501650921F680FAE0019609E /* shader_es2.vert */; };
		501650961F6815560019609E /* Roboto-Regular.ttf in Resources */ = {isa = PBXBuildFile; fileRef = 501650951F680FB70019609E /* Roboto-Regular.ttf */; };
		50504B44202C628B005292AA /* SettingController.cpp in Sources */ = {isa = PBXBuildFile; fileRef = 50504B40202C628A005292AA /* SettingController.cpp */; };
		50504B45202C628B005292AA /* SettingManager.cpp in Sources */ = {isa = PBXBuildFile; fileRef = 50504B42202C628A005292AA /* SettingManager.cpp */; };
		50504B4C20320AD0005292AA /* onionLayer.vert in Resources */ = {isa = PBXBuildFile; fileRef = 50504B4A20320AD0005292AA /* onionLayer.vert */; };
		50504B4D20320AD0005292AA /* onionLayer.frag in Resources */ = {isa = PBXBuildFile; fileRef = 50504B4B20320AD0005292AA /* onionLayer.frag */; };
		50573BF220407B7F00A4E4CF /* NotificationLogger.cpp in Sources */ = {isa = PBXBuildFile; fileRef = 50573BEE20407B7E00A4E4CF /* NotificationLogger.cpp */; };
		50573BF320407B7F00A4E4CF /* NotificationManager.cpp in Sources */ = {isa = PBXBuildFile; fileRef = 50573BF020407B7E00A4E4CF /* NotificationManager.cpp */; };
		505FF9B1221ADDC300E4BD10 /* BaseButton.cpp in Sources */ = {isa = PBXBuildFile; fileRef = 505FF9AF221ADDC300E4BD10 /* BaseButton.cpp */; };
		50C6FD251F83B3C2004256C5 /* GlobalSettings.cpp in Sources */ = {isa = PBXBuildFile; fileRef = 50C6FD231F83B3C1004256C5 /* GlobalSettings.cpp */; };
		50CBBD0A221DEE3E0045106F /* ColorButton.cpp in Sources */ = {isa = PBXBuildFile; fileRef = 50CBBD09221DEE3E0045106F /* ColorButton.cpp */; };
		50E83DEB1F4770630070464D /* PlayerLogo.cpp in Sources */ = {isa = PBXBuildFile; fileRef = 50E83DE91F4770630070464D /* PlayerLogo.cpp */; };
		50E83DEE1F4AA7FC0070464D /* NetworkHelper.cpp in Sources */ = {isa = PBXBuildFile; fileRef = 50E83DEC1F4AA7FC0070464D /* NetworkHelper.cpp */; };
		5323E6B20EAFCA74003A9687 /* CoreVideo.framework in Frameworks */ = {isa = PBXBuildFile; fileRef = 5323E6B10EAFCA74003A9687 /* CoreVideo.framework */; };
		5DDF980637BE48FE89454814 /* CinderApp.icns in Resources */ = {isa = PBXBuildFile; fileRef = EC1EB0804AE54E23A25EC8D8 /* CinderApp.icns */; };
		8D11072F0486CEB800E47090 /* Cocoa.framework in Frameworks */ = {isa = PBXBuildFile; fileRef = 1058C7A1FEA54F0111CA2CBB /* Cocoa.framework */; };
		9F1B4763221EE7A300086DFF /* Circle.png in Resources */ = {isa = PBXBuildFile; fileRef = 9F1B4760221EE7A200086DFF /* Circle.png */; };
		9F1B4768221EE84E00086DFF /* Rect.png in Resources */ = {isa = PBXBuildFile; fileRef = 9F1B4766221EE84E00086DFF /* Rect.png */; };
		9F1B4769221EE84E00086DFF /* Line.png in Resources */ = {isa = PBXBuildFile; fileRef = 9F1B4767221EE84E00086DFF /* Line.png */; };
		9F4E9FFB2223F88A005D58C5 /* Polygon.png in Resources */ = {isa = PBXBuildFile; fileRef = 9F4E9FFA2223F88A005D58C5 /* Polygon.png */; };
		9F8795672239026E00DD00DD /* PointsPackage.cpp in Sources */ = {isa = PBXBuildFile; fileRef = 9F8795652239026E00DD00DD /* PointsPackage.cpp */; };
		9F87956E2239081F00DD00DD /* Osc.cpp in Sources */ = {isa = PBXBuildFile; fileRef = 9F87956D2239081F00DD00DD /* Osc.cpp */; };
		9FBE4A4D2226E903001126AC /* Brush.png in Resources */ = {isa = PBXBuildFile; fileRef = 9FBE4A4C2226E903001126AC /* Brush.png */; };
		B97D7AF17DAA4CBCAEBF6F98 /* LiveDrawApp.cpp in Sources */ = {isa = PBXBuildFile; fileRef = 610A7B04CB4747348DD4B8CA /* LiveDrawApp.cpp */; };
/* End PBXBuildFile section */

/* Begin PBXFileReference section */
		006D720319952D00008149E2 /* CoreMedia.framework */ = {isa = PBXFileReference; lastKnownFileType = wrapper.framework; name = CoreMedia.framework; path = System/Library/Frameworks/CoreMedia.framework; sourceTree = SDKROOT; };
		0091D8F80E81B9330029341E /* OpenGL.framework */ = {isa = PBXFileReference; lastKnownFileType = wrapper.framework; name = OpenGL.framework; path = /System/Library/Frameworks/OpenGL.framework; sourceTree = "<absolute>"; };
		00B784AF0FF439BC000DE1D7 /* Accelerate.framework */ = {isa = PBXFileReference; lastKnownFileType = wrapper.framework; name = Accelerate.framework; path = System/Library/Frameworks/Accelerate.framework; sourceTree = SDKROOT; };
		00B784B00FF439BC000DE1D7 /* AudioToolbox.framework */ = {isa = PBXFileReference; lastKnownFileType = wrapper.framework; name = AudioToolbox.framework; path = System/Library/Frameworks/AudioToolbox.framework; sourceTree = SDKROOT; };
		00B784B10FF439BC000DE1D7 /* AudioUnit.framework */ = {isa = PBXFileReference; lastKnownFileType = wrapper.framework; name = AudioUnit.framework; path = System/Library/Frameworks/AudioUnit.framework; sourceTree = SDKROOT; };
		00B784B20FF439BC000DE1D7 /* CoreAudio.framework */ = {isa = PBXFileReference; lastKnownFileType = wrapper.framework; name = CoreAudio.framework; path = System/Library/Frameworks/CoreAudio.framework; sourceTree = SDKROOT; };
		00B995581B128DF400A5C623 /* IOKit.framework */ = {isa = PBXFileReference; lastKnownFileType = wrapper.framework; name = IOKit.framework; path = System/Library/Frameworks/IOKit.framework; sourceTree = SDKROOT; };
		00B995591B128DF400A5C623 /* IOSurface.framework */ = {isa = PBXFileReference; lastKnownFileType = wrapper.framework; name = IOSurface.framework; path = System/Library/Frameworks/IOSurface.framework; sourceTree = SDKROOT; };
		1058C7A1FEA54F0111CA2CBB /* Cocoa.framework */ = {isa = PBXFileReference; lastKnownFileType = wrapper.framework; name = Cocoa.framework; path = /System/Library/Frameworks/Cocoa.framework; sourceTree = "<absolute>"; };
		152D484F1D89ADAC00AB3610 /* BrushManager.cpp */ = {isa = PBXFileReference; fileEncoding = 4; lastKnownFileType = sourcecode.cpp.cpp; path = BrushManager.cpp; sourceTree = "<group>"; };
		152D48501D89ADAC00AB3610 /* BrushManager.hpp */ = {isa = PBXFileReference; fileEncoding = 4; lastKnownFileType = sourcecode.cpp.h; path = BrushManager.hpp; sourceTree = "<group>"; };
		152D48511D89ADAC00AB3610 /* Composition.cpp */ = {isa = PBXFileReference; fileEncoding = 4; lastKnownFileType = sourcecode.cpp.cpp; path = Composition.cpp; sourceTree = "<group>"; };
		152D48521D89ADAC00AB3610 /* Composition.hpp */ = {isa = PBXFileReference; fileEncoding = 4; lastKnownFileType = sourcecode.cpp.h; path = Composition.hpp; sourceTree = "<group>"; };
		152D48551D89ADAC00AB3610 /* Singleton.hpp */ = {isa = PBXFileReference; fileEncoding = 4; lastKnownFileType = sourcecode.cpp.h; path = Singleton.hpp; sourceTree = "<group>"; };
		152D48571D89ADAC00AB3610 /* TextButton.cpp */ = {isa = PBXFileReference; fileEncoding = 4; lastKnownFileType = sourcecode.cpp.cpp; path = TextButton.cpp; sourceTree = "<group>"; };
		152D48581D89ADAC00AB3610 /* TextButton.hpp */ = {isa = PBXFileReference; fileEncoding = 4; lastKnownFileType = sourcecode.cpp.h; path = TextButton.hpp; sourceTree = "<group>"; };
		152D48591D89ADAC00AB3610 /* Menu.cpp */ = {isa = PBXFileReference; fileEncoding = 4; lastKnownFileType = sourcecode.cpp.cpp; path = Menu.cpp; sourceTree = "<group>"; };
		152D485A1D89ADAC00AB3610 /* Menu.hpp */ = {isa = PBXFileReference; fileEncoding = 4; lastKnownFileType = sourcecode.cpp.h; path = Menu.hpp; sourceTree = "<group>"; };
		152D485C1D89ADAC00AB3610 /* ofxTablet.cpp */ = {isa = PBXFileReference; fileEncoding = 4; lastKnownFileType = sourcecode.cpp.cpp; path = ofxTablet.cpp; sourceTree = "<group>"; };
		152D485D1D89ADAC00AB3610 /* ofxTablet.h */ = {isa = PBXFileReference; fileEncoding = 4; lastKnownFileType = sourcecode.c.h; path = ofxTablet.h; sourceTree = "<group>"; };
		152D485E1D89ADAC00AB3610 /* tabletCocoa.h */ = {isa = PBXFileReference; fileEncoding = 4; lastKnownFileType = sourcecode.c.h; path = tabletCocoa.h; sourceTree = "<group>"; };
		152D485F1D89ADAC00AB3610 /* tabletCocoa.mm */ = {isa = PBXFileReference; fileEncoding = 4; lastKnownFileType = sourcecode.cpp.objcpp; path = tabletCocoa.mm; sourceTree = "<group>"; };
		152D48601D89ADAC00AB3610 /* tabletData.h */ = {isa = PBXFileReference; fileEncoding = 4; lastKnownFileType = sourcecode.c.h; path = tabletData.h; sourceTree = "<group>"; };
		154564881DA3B596006BFBD4 /* AVFoundation.framework */ = {isa = PBXFileReference; lastKnownFileType = wrapper.framework; name = AVFoundation.framework; path = System/Library/Frameworks/AVFoundation.framework; sourceTree = SDKROOT; };
		1589715D1D92BC7900909F5B /* Lab101Utils.h */ = {isa = PBXFileReference; fileEncoding = 4; lastKnownFileType = sourcecode.c.h; path = Lab101Utils.h; sourceTree = "<group>"; };
		29B97324FDCFA39411CA2CEA /* AppKit.framework */ = {isa = PBXFileReference; lastKnownFileType = wrapper.framework; name = AppKit.framework; path = /System/Library/Frameworks/AppKit.framework; sourceTree = "<absolute>"; };
		29B97325FDCFA39411CA2CEA /* Foundation.framework */ = {isa = PBXFileReference; lastKnownFileType = wrapper.framework; name = Foundation.framework; path = /System/Library/Frameworks/Foundation.framework; sourceTree = "<absolute>"; };
		36B44540D416449A8DFC9F60 /* LineDancer_Prefix.pch */ = {isa = PBXFileReference; lastKnownFileType = sourcecode.c.h; path = LineDancer_Prefix.pch; sourceTree = "<group>"; };
		501650911F680FAE0019609E /* shader_es2.frag */ = {isa = PBXFileReference; fileEncoding = 4; lastKnownFileType = sourcecode.glsl; path = shader_es2.frag; sourceTree = "<group>"; };
		501650921F680FAE0019609E /* shader_es2.vert */ = {isa = PBXFileReference; fileEncoding = 4; lastKnownFileType = sourcecode.glsl; path = shader_es2.vert; sourceTree = "<group>"; };
		501650951F680FB70019609E /* Roboto-Regular.ttf */ = {isa = PBXFileReference; lastKnownFileType = file; path = "Roboto-Regular.ttf"; sourceTree = "<group>"; };
		50504B40202C628A005292AA /* SettingController.cpp */ = {isa = PBXFileReference; fileEncoding = 4; lastKnownFileType = sourcecode.cpp.cpp; path = SettingController.cpp; sourceTree = "<group>"; };
		50504B41202C628A005292AA /* SettingController.h */ = {isa = PBXFileReference; fileEncoding = 4; lastKnownFileType = sourcecode.c.h; path = SettingController.h; sourceTree = "<group>"; };
		50504B42202C628A005292AA /* SettingManager.cpp */ = {isa = PBXFileReference; fileEncoding = 4; lastKnownFileType = sourcecode.cpp.cpp; path = SettingManager.cpp; sourceTree = "<group>"; };
		50504B43202C628A005292AA /* SettingManager.h */ = {isa = PBXFileReference; fileEncoding = 4; lastKnownFileType = sourcecode.c.h; path = SettingManager.h; sourceTree = "<group>"; };
		50504B4A20320AD0005292AA /* onionLayer.vert */ = {isa = PBXFileReference; fileEncoding = 4; lastKnownFileType = sourcecode.glsl; path = onionLayer.vert; sourceTree = "<group>"; };
		50504B4B20320AD0005292AA /* onionLayer.frag */ = {isa = PBXFileReference; fileEncoding = 4; lastKnownFileType = sourcecode.glsl; path = onionLayer.frag; sourceTree = "<group>"; };
		50573BEE20407B7E00A4E4CF /* NotificationLogger.cpp */ = {isa = PBXFileReference; fileEncoding = 4; lastKnownFileType = sourcecode.cpp.cpp; path = NotificationLogger.cpp; sourceTree = "<group>"; };
		50573BEF20407B7E00A4E4CF /* NotificationLogger.h */ = {isa = PBXFileReference; fileEncoding = 4; lastKnownFileType = sourcecode.c.h; path = NotificationLogger.h; sourceTree = "<group>"; };
		50573BF020407B7E00A4E4CF /* NotificationManager.cpp */ = {isa = PBXFileReference; fileEncoding = 4; lastKnownFileType = sourcecode.cpp.cpp; path = NotificationManager.cpp; sourceTree = "<group>"; };
		50573BF120407B7E00A4E4CF /* NotificationManager.h */ = {isa = PBXFileReference; fileEncoding = 4; lastKnownFileType = sourcecode.c.h; path = NotificationManager.h; sourceTree = "<group>"; };
		505FF9AF221ADDC300E4BD10 /* BaseButton.cpp */ = {isa = PBXFileReference; lastKnownFileType = sourcecode.cpp.cpp; path = BaseButton.cpp; sourceTree = "<group>"; };
		505FF9B0221ADDC300E4BD10 /* BaseButton.hpp */ = {isa = PBXFileReference; lastKnownFileType = sourcecode.cpp.h; path = BaseButton.hpp; sourceTree = "<group>"; };
		50C6FD231F83B3C1004256C5 /* GlobalSettings.cpp */ = {isa = PBXFileReference; fileEncoding = 4; lastKnownFileType = sourcecode.cpp.cpp; path = GlobalSettings.cpp; sourceTree = "<group>"; };
		50C6FD241F83B3C2004256C5 /* GlobalSettings.h */ = {isa = PBXFileReference; fileEncoding = 4; lastKnownFileType = sourcecode.c.h; path = GlobalSettings.h; sourceTree = "<group>"; };
		50CBBD08221DEE3E0045106F /* ColorButton.hpp */ = {isa = PBXFileReference; fileEncoding = 4; lastKnownFileType = sourcecode.cpp.h; path = ColorButton.hpp; sourceTree = "<group>"; };
		50CBBD09221DEE3E0045106F /* ColorButton.cpp */ = {isa = PBXFileReference; fileEncoding = 4; lastKnownFileType = sourcecode.cpp.cpp; path = ColorButton.cpp; sourceTree = "<group>"; };
		50E83DE91F4770630070464D /* PlayerLogo.cpp */ = {isa = PBXFileReference; fileEncoding = 4; lastKnownFileType = sourcecode.cpp.cpp; path = PlayerLogo.cpp; sourceTree = "<group>"; };
		50E83DEA1F4770630070464D /* PlayerLogo.hpp */ = {isa = PBXFileReference; fileEncoding = 4; lastKnownFileType = sourcecode.cpp.h; path = PlayerLogo.hpp; sourceTree = "<group>"; };
		50E83DEC1F4AA7FC0070464D /* NetworkHelper.cpp */ = {isa = PBXFileReference; fileEncoding = 4; lastKnownFileType = sourcecode.cpp.cpp; path = NetworkHelper.cpp; sourceTree = "<group>"; };
		50E83DED1F4AA7FC0070464D /* NetworkHelper.hpp */ = {isa = PBXFileReference; fileEncoding = 4; lastKnownFileType = sourcecode.cpp.h; path = NetworkHelper.hpp; sourceTree = "<group>"; };
		5323E6B10EAFCA74003A9687 /* CoreVideo.framework */ = {isa = PBXFileReference; lastKnownFileType = wrapper.framework; name = CoreVideo.framework; path = /System/Library/Frameworks/CoreVideo.framework; sourceTree = "<absolute>"; };
		610A7B04CB4747348DD4B8CA /* LiveDrawApp.cpp */ = {isa = PBXFileReference; lastKnownFileType = sourcecode.c.cpp; name = LiveDrawApp.cpp; path = ../src/LiveDrawApp.cpp; sourceTree = "<group>"; };
		66DA6DC5750C497388E7BC7C /* Info.plist */ = {isa = PBXFileReference; lastKnownFileType = text.plist.xml; path = Info.plist; sourceTree = "<group>"; };
		8D1107320486CEB800E47090 /* LineDancer.app */ = {isa = PBXFileReference; explicitFileType = wrapper.application; includeInIndex = 0; path = LineDancer.app; sourceTree = BUILT_PRODUCTS_DIR; };
		9F1B4760221EE7A200086DFF /* Circle.png */ = {isa = PBXFileReference; lastKnownFileType = image.png; name = Circle.png; path = ../resources/Circle.png; sourceTree = "<group>"; };
		9F1B4766221EE84E00086DFF /* Rect.png */ = {isa = PBXFileReference; lastKnownFileType = image.png; name = Rect.png; path = ../resources/Rect.png; sourceTree = "<group>"; };
		9F1B4767221EE84E00086DFF /* Line.png */ = {isa = PBXFileReference; lastKnownFileType = image.png; name = Line.png; path = ../resources/Line.png; sourceTree = "<group>"; };
		9F4E9FFA2223F88A005D58C5 /* Polygon.png */ = {isa = PBXFileReference; lastKnownFileType = image.png; name = Polygon.png; path = ../resources/Polygon.png; sourceTree = "<group>"; };
		9F8795652239026E00DD00DD /* PointsPackage.cpp */ = {isa = PBXFileReference; lastKnownFileType = sourcecode.cpp.cpp; path = PointsPackage.cpp; sourceTree = "<group>"; };
		9F8795662239026E00DD00DD /* PointsPackage.hpp */ = {isa = PBXFileReference; lastKnownFileType = sourcecode.cpp.h; path = PointsPackage.hpp; sourceTree = "<group>"; };
		9F87956C2239081F00DD00DD /* Osc.h */ = {isa = PBXFileReference; fileEncoding = 4; lastKnownFileType = sourcecode.c.h; path = Osc.h; sourceTree = "<group>"; };
		9F87956D2239081F00DD00DD /* Osc.cpp */ = {isa = PBXFileReference; fileEncoding = 4; lastKnownFileType = sourcecode.cpp.cpp; path = Osc.cpp; sourceTree = "<group>"; };
		9FBE4A4C2226E903001126AC /* Brush.png */ = {isa = PBXFileReference; lastKnownFileType = image.png; name = Brush.png; path = ../resources/Brush.png; sourceTree = "<group>"; };
		EC1EB0804AE54E23A25EC8D8 /* CinderApp.icns */ = {isa = PBXFileReference; lastKnownFileType = image.icns; name = CinderApp.icns; path = ../resources/CinderApp.icns; sourceTree = "<group>"; };
		F87822473EA245C29EB27AC0 /* Resources.h */ = {isa = PBXFileReference; lastKnownFileType = sourcecode.c.h; name = Resources.h; path = ../include/Resources.h; sourceTree = "<group>"; };
/* End PBXFileReference section */

/* Begin PBXFrameworksBuildPhase section */
		8D11072E0486CEB800E47090 /* Frameworks */ = {
			isa = PBXFrameworksBuildPhase;
			buildActionMask = 2147483647;
			files = (
				154564891DA3B596006BFBD4 /* AVFoundation.framework in Frameworks */,
				006D720519952D00008149E2 /* CoreMedia.framework in Frameworks */,
				8D11072F0486CEB800E47090 /* Cocoa.framework in Frameworks */,
				0091D8F90E81B9330029341E /* OpenGL.framework in Frameworks */,
				5323E6B20EAFCA74003A9687 /* CoreVideo.framework in Frameworks */,
				00B784B30FF439BC000DE1D7 /* Accelerate.framework in Frameworks */,
				00B784B40FF439BC000DE1D7 /* AudioToolbox.framework in Frameworks */,
				00B784B50FF439BC000DE1D7 /* AudioUnit.framework in Frameworks */,
				00B784B60FF439BC000DE1D7 /* CoreAudio.framework in Frameworks */,
				00B9955A1B128DF400A5C623 /* IOKit.framework in Frameworks */,
				00B9955B1B128DF400A5C623 /* IOSurface.framework in Frameworks */,
			);
			runOnlyForDeploymentPostprocessing = 0;
		};
/* End PBXFrameworksBuildPhase section */

/* Begin PBXGroup section */
		01B97315FEAEA392516A2CEA /* Blocks */ = {
			isa = PBXGroup;
			children = (
				9F8795682239081F00DD00DD /* OSC */,
			);
			name = Blocks;
			sourceTree = "<group>";
		};
		080E96DDFE201D6D7F000001 /* Source */ = {
			isa = PBXGroup;
			children = (
				152D484E1D89ADAC00AB3610 /* classes */,
				152D48561D89ADAC00AB3610 /* UI */,
				152D485B1D89ADAC00AB3610 /* wacom */,
				610A7B04CB4747348DD4B8CA /* LiveDrawApp.cpp */,
			);
			name = Source;
			sourceTree = "<group>";
		};
		1058C7A0FEA54F0111CA2CBB /* Linked Frameworks */ = {
			isa = PBXGroup;
			children = (
				006D720319952D00008149E2 /* CoreMedia.framework */,
				00B784AF0FF439BC000DE1D7 /* Accelerate.framework */,
				00B784B00FF439BC000DE1D7 /* AudioToolbox.framework */,
				00B784B10FF439BC000DE1D7 /* AudioUnit.framework */,
				00B784B20FF439BC000DE1D7 /* CoreAudio.framework */,
				5323E6B10EAFCA74003A9687 /* CoreVideo.framework */,
				0091D8F80E81B9330029341E /* OpenGL.framework */,
				1058C7A1FEA54F0111CA2CBB /* Cocoa.framework */,
				00B995581B128DF400A5C623 /* IOKit.framework */,
				00B995591B128DF400A5C623 /* IOSurface.framework */,
			);
			name = "Linked Frameworks";
			sourceTree = "<group>";
		};
		1058C7A2FEA54F0111CA2CBB /* Other Frameworks */ = {
			isa = PBXGroup;
			children = (
				29B97324FDCFA39411CA2CEA /* AppKit.framework */,
				29B97325FDCFA39411CA2CEA /* Foundation.framework */,
			);
			name = "Other Frameworks";
			sourceTree = "<group>";
		};
		152D484E1D89ADAC00AB3610 /* classes */ = {
			isa = PBXGroup;
			children = (
				50573BED20407B7E00A4E4CF /* Notifications */,
				50504B3F202C628A005292AA /* Settings */,
				50C6FD231F83B3C1004256C5 /* GlobalSettings.cpp */,
				50C6FD241F83B3C2004256C5 /* GlobalSettings.h */,
				1589715D1D92BC7900909F5B /* Lab101Utils.h */,
				152D484F1D89ADAC00AB3610 /* BrushManager.cpp */,
				152D48501D89ADAC00AB3610 /* BrushManager.hpp */,
				152D48511D89ADAC00AB3610 /* Composition.cpp */,
				152D48521D89ADAC00AB3610 /* Composition.hpp */,
				152D48551D89ADAC00AB3610 /* Singleton.hpp */,
				50E83DEC1F4AA7FC0070464D /* NetworkHelper.cpp */,
				50E83DED1F4AA7FC0070464D /* NetworkHelper.hpp */,
				9F8795652239026E00DD00DD /* PointsPackage.cpp */,
				9F8795662239026E00DD00DD /* PointsPackage.hpp */,
			);
			name = classes;
			path = ../src/classes;
			sourceTree = "<group>";
		};
		152D48561D89ADAC00AB3610 /* UI */ = {
			isa = PBXGroup;
			children = (
				50CBBD09221DEE3E0045106F /* ColorButton.cpp */,
				50CBBD08221DEE3E0045106F /* ColorButton.hpp */,
				152D48571D89ADAC00AB3610 /* TextButton.cpp */,
				152D48581D89ADAC00AB3610 /* TextButton.hpp */,
				152D48591D89ADAC00AB3610 /* Menu.cpp */,
				152D485A1D89ADAC00AB3610 /* Menu.hpp */,
				50E83DE91F4770630070464D /* PlayerLogo.cpp */,
				50E83DEA1F4770630070464D /* PlayerLogo.hpp */,
				505FF9AF221ADDC300E4BD10 /* BaseButton.cpp */,
				505FF9B0221ADDC300E4BD10 /* BaseButton.hpp */,
			);
			name = UI;
			path = ../src/UI;
			sourceTree = "<group>";
		};
		152D485B1D89ADAC00AB3610 /* wacom */ = {
			isa = PBXGroup;
			children = (
				152D485C1D89ADAC00AB3610 /* ofxTablet.cpp */,
				152D485D1D89ADAC00AB3610 /* ofxTablet.h */,
				152D485E1D89ADAC00AB3610 /* tabletCocoa.h */,
				152D485F1D89ADAC00AB3610 /* tabletCocoa.mm */,
				152D48601D89ADAC00AB3610 /* tabletData.h */,
			);
			name = wacom;
			path = ../src/wacom;
			sourceTree = "<group>";
		};
		19C28FACFE9D520D11CA2CBB /* Products */ = {
			isa = PBXGroup;
			children = (
				8D1107320486CEB800E47090 /* LineDancer.app */,
			);
			name = Products;
			sourceTree = "<group>";
		};
		29B97314FDCFA39411CA2CEA /* LiveDraw */ = {
			isa = PBXGroup;
			children = (
				01B97315FEAEA392516A2CEA /* Blocks */,
				29B97315FDCFA39411CA2CEA /* Headers */,
				080E96DDFE201D6D7F000001 /* Source */,
				29B97317FDCFA39411CA2CEA /* Resources */,
				29B97323FDCFA39411CA2CEA /* Frameworks */,
				19C28FACFE9D520D11CA2CBB /* Products */,
			);
			name = LiveDraw;
			sourceTree = "<group>";
		};
		29B97315FDCFA39411CA2CEA /* Headers */ = {
			isa = PBXGroup;
			children = (
				F87822473EA245C29EB27AC0 /* Resources.h */,
				36B44540D416449A8DFC9F60 /* LineDancer_Prefix.pch */,
			);
			name = Headers;
			sourceTree = "<group>";
		};
		29B97317FDCFA39411CA2CEA /* Resources */ = {
			isa = PBXGroup;
			children = (
				9FBE4A4C2226E903001126AC /* Brush.png */,
				9F4E9FFA2223F88A005D58C5 /* Polygon.png */,
				9F1B4767221EE84E00086DFF /* Line.png */,
				9F1B4766221EE84E00086DFF /* Rect.png */,
				9F1B4760221EE7A200086DFF /* Circle.png */,
				50504B4B20320AD0005292AA /* onionLayer.frag */,
				50504B4A20320AD0005292AA /* onionLayer.vert */,
				501650951F680FB70019609E /* Roboto-Regular.ttf */,
				501650911F680FAE0019609E /* shader_es2.frag */,
				501650921F680FAE0019609E /* shader_es2.vert */,
				EC1EB0804AE54E23A25EC8D8 /* CinderApp.icns */,
				66DA6DC5750C497388E7BC7C /* Info.plist */,
			);
			name = Resources;
			sourceTree = "<group>";
		};
		29B97323FDCFA39411CA2CEA /* Frameworks */ = {
			isa = PBXGroup;
			children = (
				154564881DA3B596006BFBD4 /* AVFoundation.framework */,
				1058C7A0FEA54F0111CA2CBB /* Linked Frameworks */,
				1058C7A2FEA54F0111CA2CBB /* Other Frameworks */,
			);
			name = Frameworks;
			sourceTree = "<group>";
		};
		50504B3F202C628A005292AA /* Settings */ = {
			isa = PBXGroup;
			children = (
				50504B40202C628A005292AA /* SettingController.cpp */,
				50504B41202C628A005292AA /* SettingController.h */,
				50504B42202C628A005292AA /* SettingManager.cpp */,
				50504B43202C628A005292AA /* SettingManager.h */,
			);
			path = Settings;
			sourceTree = "<group>";
		};
		50573BED20407B7E00A4E4CF /* Notifications */ = {
			isa = PBXGroup;
			children = (
				50573BEE20407B7E00A4E4CF /* NotificationLogger.cpp */,
				50573BEF20407B7E00A4E4CF /* NotificationLogger.h */,
				50573BF020407B7E00A4E4CF /* NotificationManager.cpp */,
				50573BF120407B7E00A4E4CF /* NotificationManager.h */,
			);
			path = Notifications;
			sourceTree = "<group>";
		};
		9F8795682239081F00DD00DD /* OSC */ = {
			isa = PBXGroup;
			children = (
				9F8795692239081F00DD00DD /* src */,
			);
			name = OSC;
			path = ../blocks/OSC;
			sourceTree = "<group>";
		};
		9F8795692239081F00DD00DD /* src */ = {
			isa = PBXGroup;
			children = (
				9F87956A2239081F00DD00DD /* cinder */,
			);
			path = src;
			sourceTree = "<group>";
		};
		9F87956A2239081F00DD00DD /* cinder */ = {
			isa = PBXGroup;
			children = (
				9F87956B2239081F00DD00DD /* osc */,
			);
			path = cinder;
			sourceTree = "<group>";
		};
		9F87956B2239081F00DD00DD /* osc */ = {
			isa = PBXGroup;
			children = (
				9F87956C2239081F00DD00DD /* Osc.h */,
				9F87956D2239081F00DD00DD /* Osc.cpp */,
			);
			path = osc;
			sourceTree = "<group>";
		};
/* End PBXGroup section */

/* Begin PBXNativeTarget section */
		8D1107260486CEB800E47090 /* LineDancer */ = {
			isa = PBXNativeTarget;
			buildConfigurationList = C01FCF4A08A954540054247B /* Build configuration list for PBXNativeTarget "LineDancer" */;
			buildPhases = (
				8D1107290486CEB800E47090 /* Resources */,
				8D11072C0486CEB800E47090 /* Sources */,
				8D11072E0486CEB800E47090 /* Frameworks */,
			);
			buildRules = (
			);
			dependencies = (
			);
			name = LineDancer;
			productInstallPath = "$(HOME)/Applications";
			productName = LiveDraw;
			productReference = 8D1107320486CEB800E47090 /* LineDancer.app */;
			productType = "com.apple.product-type.application";
		};
/* End PBXNativeTarget section */

/* Begin PBXProject section */
		29B97313FDCFA39411CA2CEA /* Project object */ = {
			isa = PBXProject;
			attributes = {
			};
			buildConfigurationList = C01FCF4E08A954540054247B /* Build configuration list for PBXProject "LineDancer" */;
			compatibilityVersion = "Xcode 3.2";
			developmentRegion = English;
			hasScannedForEncodings = 1;
			knownRegions = (
				English,
				Japanese,
				French,
				German,
			);
			mainGroup = 29B97314FDCFA39411CA2CEA /* LiveDraw */;
			projectDirPath = "";
			projectRoot = "";
			targets = (
				8D1107260486CEB800E47090 /* LineDancer */,
			);
		};
/* End PBXProject section */

/* Begin PBXResourcesBuildPhase section */
		8D1107290486CEB800E47090 /* Resources */ = {
			isa = PBXResourcesBuildPhase;
			buildActionMask = 2147483647;
			files = (
				9F1B4768221EE84E00086DFF /* Rect.png in Resources */,
				5DDF980637BE48FE89454814 /* CinderApp.icns in Resources */,
				9F4E9FFB2223F88A005D58C5 /* Polygon.png in Resources */,
				501650941F680FAE0019609E /* shader_es2.vert in Resources */,
				50504B4C20320AD0005292AA /* onionLayer.vert in Resources */,
				9FBE4A4D2226E903001126AC /* Brush.png in Resources */,
				501650961F6815560019609E /* Roboto-Regular.ttf in Resources */,
				501650931F680FAE0019609E /* shader_es2.frag in Resources */,
				9F1B4769221EE84E00086DFF /* Line.png in Resources */,
				50504B4D20320AD0005292AA /* onionLayer.frag in Resources */,
				9F1B4763221EE7A300086DFF /* Circle.png in Resources */,
			);
			runOnlyForDeploymentPostprocessing = 0;
		};
/* End PBXResourcesBuildPhase section */

/* Begin PBXSourcesBuildPhase section */
		8D11072C0486CEB800E47090 /* Sources */ = {
			isa = PBXSourcesBuildPhase;
			buildActionMask = 2147483647;
			files = (
				50E83DEE1F4AA7FC0070464D /* NetworkHelper.cpp in Sources */,
				50C6FD251F83B3C2004256C5 /* GlobalSettings.cpp in Sources */,
				152D48611D89ADAC00AB3610 /* BrushManager.cpp in Sources */,
				B97D7AF17DAA4CBCAEBF6F98 /* LiveDrawApp.cpp in Sources */,
				50504B44202C628B005292AA /* SettingController.cpp in Sources */,
				152D48661D89ADAC00AB3610 /* ofxTablet.cpp in Sources */,
				9F8795672239026E00DD00DD /* PointsPackage.cpp in Sources */,
				50573BF220407B7F00A4E4CF /* NotificationLogger.cpp in Sources */,
				152D48621D89ADAC00AB3610 /* Composition.cpp in Sources */,
				50573BF320407B7F00A4E4CF /* NotificationManager.cpp in Sources */,
				50CBBD0A221DEE3E0045106F /* ColorButton.cpp in Sources */,
				152D48641D89ADAC00AB3610 /* TextButton.cpp in Sources */,
				152D48671D89ADAC00AB3610 /* tabletCocoa.mm in Sources */,
				50504B45202C628B005292AA /* SettingManager.cpp in Sources */,
				152D48651D89ADAC00AB3610 /* Menu.cpp in Sources */,
				9F87956E2239081F00DD00DD /* Osc.cpp in Sources */,
				50E83DEB1F4770630070464D /* PlayerLogo.cpp in Sources */,
				505FF9B1221ADDC300E4BD10 /* BaseButton.cpp in Sources */,
			);
			runOnlyForDeploymentPostprocessing = 0;
		};
/* End PBXSourcesBuildPhase section */

/* Begin XCBuildConfiguration section */
		C01FCF4B08A954540054247B /* Debug */ = {
			isa = XCBuildConfiguration;
			buildSettings = {
				ALWAYS_SEARCH_USER_PATHS = YES;
				ARCHS = "$(ARCHS_STANDARD_64_BIT)";
				COMBINE_HIDPI_IMAGES = YES;
				COPY_PHASE_STRIP = NO;
				DEAD_CODE_STRIPPING = YES;
				GCC_DYNAMIC_NO_PIC = NO;
				GCC_INLINES_ARE_PRIVATE_EXTERN = YES;
				GCC_OPTIMIZATION_LEVEL = 0;
				GCC_PRECOMPILE_PREFIX_HEADER = YES;
				GCC_PREFIX_HEADER = LineDancer_Prefix.pch;
				GCC_PREPROCESSOR_DEFINITIONS = (
					"DEBUG=1",
					"$(inherited)",
				);
				GCC_SYMBOLS_PRIVATE_EXTERN = NO;
				HEADER_SEARCH_PATHS = (
					"\"$(CINDER_PATH)/include\"",
					"../blocks/Imagemagick/include/ImageMagick-7/",
				);
				INFOPLIST_FILE = Info.plist;
				INSTALL_PATH = "$(HOME)/Applications";
				MACOSX_DEPLOYMENT_TARGET = 10.9;
				OTHER_LDFLAGS = (
					"\"$(CINDER_PATH)/lib/macosx/$(CONFIGURATION)/libcinder.a\"",
					"../blocks/Imagemagick/lib/libMagickWand-7.Q16.a",
					"../blocks/Imagemagick/lib/libMagick++-7.Q16.a",
					"../blocks/Imagemagick/lib/libMagickCore-7.Q16.a",
				);
				PRODUCT_BUNDLE_IDENTIFIER = "org.libcinder.${PRODUCT_NAME:rfc1034identifier}";
				PRODUCT_NAME = LineDancer;
				SYMROOT = ./build;
				USER_HEADER_SEARCH_PATHS = "\"$(CINDER_PATH)/include\" ../include ../blocks/OSC/src ../blocks/Imagemagick/include/ImageMagick-7/";
				WRAPPER_EXTENSION = app;
			};
			name = Debug;
		};
		C01FCF4C08A954540054247B /* Release */ = {
			isa = XCBuildConfiguration;
			buildSettings = {
				ALWAYS_SEARCH_USER_PATHS = YES;
				ARCHS = "$(ARCHS_STANDARD_64_BIT)";
				COMBINE_HIDPI_IMAGES = YES;
				DEAD_CODE_STRIPPING = YES;
				DEBUG_INFORMATION_FORMAT = "dwarf-with-dsym";
				GCC_FAST_MATH = YES;
				GCC_GENERATE_DEBUGGING_SYMBOLS = NO;
				GCC_INLINES_ARE_PRIVATE_EXTERN = YES;
				GCC_OPTIMIZATION_LEVEL = 3;
				GCC_PRECOMPILE_PREFIX_HEADER = YES;
				GCC_PREFIX_HEADER = LineDancer_Prefix.pch;
				GCC_PREPROCESSOR_DEFINITIONS = (
					"NDEBUG=1",
					"$(inherited)",
				);
				GCC_SYMBOLS_PRIVATE_EXTERN = NO;
				HEADER_SEARCH_PATHS = (
					"\"$(CINDER_PATH)/include\"",
					"../blocks/Imagemagick/include/ImageMagick-7/",
				);
				INFOPLIST_FILE = Info.plist;
				INSTALL_PATH = "$(HOME)/Applications";
				MACOSX_DEPLOYMENT_TARGET = 10.9;
				OTHER_LDFLAGS = (
					"\"$(CINDER_PATH)/lib/macosx/$(CONFIGURATION)/libcinder.a\"",
					"../blocks/Imagemagick/lib/libMagick++-7.Q16.a",
					"../blocks/Imagemagick/lib/libMagickCore-7.Q16.a",
					"../blocks/Imagemagick/lib/libMagickWand-7.Q16.a",
				);
				PRODUCT_BUNDLE_IDENTIFIER = "org.libcinder.${PRODUCT_NAME:rfc1034identifier}";
				PRODUCT_NAME = LineDancer;
				STRIP_INSTALLED_PRODUCT = YES;
				SYMROOT = ./build;
				USER_HEADER_SEARCH_PATHS = "\"$(CINDER_PATH)/include\" ../include ../blocks/OSC/src ../blocks/Imagemagick/include/ImageMagick-7/";
				WRAPPER_EXTENSION = app;
			};
			name = Release;
		};
		C01FCF4F08A954540054247B /* Debug */ = {
			isa = XCBuildConfiguration;
			buildSettings = {
				ALWAYS_SEARCH_USER_PATHS = NO;
				ARCHS = "$(ARCHS_STANDARD_64_BIT)";
				CINDER_PATH = ../../../cinder_master;
				CLANG_CXX_LANGUAGE_STANDARD = "c++11";
				CLANG_CXX_LIBRARY = "libc++";
				ENABLE_TESTABILITY = YES;
				GCC_WARN_ABOUT_RETURN_TYPE = YES;
				GCC_WARN_UNUSED_VARIABLE = YES;
				HEADER_SEARCH_PATHS = "\"$(CINDER_PATH)/include\"";
				MACOSX_DEPLOYMENT_TARGET = 10.9;
				ONLY_ACTIVE_ARCH = YES;
				PATH = /usr/local/bin;
				SDKROOT = macosx;
				USER_HEADER_SEARCH_PATHS = "\"$(CINDER_PATH)/include\" ../include ../blocks/OSC/src";
			};
			name = Debug;
		};
		C01FCF5008A954540054247B /* Release */ = {
			isa = XCBuildConfiguration;
			buildSettings = {
				ALWAYS_SEARCH_USER_PATHS = NO;
				ARCHS = "$(ARCHS_STANDARD_64_BIT)";
				CINDER_PATH = ../../../cinder_master;
				CLANG_CXX_LANGUAGE_STANDARD = "c++11";
				CLANG_CXX_LIBRARY = "libc++";
				GCC_WARN_ABOUT_RETURN_TYPE = YES;
				GCC_WARN_UNUSED_VARIABLE = YES;
				HEADER_SEARCH_PATHS = "\"$(CINDER_PATH)/include\"";
				MACOSX_DEPLOYMENT_TARGET = 10.9;
				PATH = /usr/local/bin;
				SDKROOT = macosx;
				USER_HEADER_SEARCH_PATHS = "\"$(CINDER_PATH)/include\" ../include ../blocks/OSC/src";
			};
			name = Release;
		};
/* End XCBuildConfiguration section */

/* Begin XCConfigurationList section */
		C01FCF4A08A954540054247B /* Build configuration list for PBXNativeTarget "LineDancer" */ = {
			isa = XCConfigurationList;
			buildConfigurations = (
				C01FCF4B08A954540054247B /* Debug */,
				C01FCF4C08A954540054247B /* Release */,
			);
			defaultConfigurationIsVisible = 0;
			defaultConfigurationName = Release;
		};
		C01FCF4E08A954540054247B /* Build configuration list for PBXProject "LineDancer" */ = {
			isa = XCConfigurationList;
			buildConfigurations = (
				C01FCF4F08A954540054247B /* Debug */,
				C01FCF5008A954540054247B /* Release */,
			);
			defaultConfigurationIsVisible = 0;
			defaultConfigurationName = Release;
		};
/* End XCConfigurationList section */
	};
	rootObject = 29B97313FDCFA39411CA2CEA /* Project object */;
}
